
Microsoft Visual Studio Solution File, Format Version 12.00
# Visual Studio Version 16
VisualStudioVersion = 16.0.31702.278
MinimumVisualStudioVersion = 10.0.40219.1
Project("{9A19103F-16F7-4668-BE54-9A1E7A4F7556}") = "BankingProject", "BankingProject\BankingProject.csproj", "{6E5DA86C-7B12-49A2-BBD6-E62DB6020CE9}"
EndProject
Project("{9A19103F-16F7-4668-BE54-9A1E7A4F7556}") = "BankingProject.core", "BankingProject.core\BankingProject.core.csproj", "{AD375055-09D2-446E-89FC-057DCE3C5D10}"
EndProject
Project("{9A19103F-16F7-4668-BE54-9A1E7A4F7556}") = "BankingProject.data", "BankingProject.data\BankingProject.data.csproj", "{31142469-5BFD-4398-9430-69A9CE7C38F5}"
EndProject
Project("{9A19103F-16F7-4668-BE54-9A1E7A4F7556}") = "AppServices", "AppServices\AppServices.csproj", "{EA4EBD3F-FB50-4B03-8928-039DFFF7B801}"
EndProject
Project("{FAE04EC0-301F-11D3-BF4B-00C04F79EFBC}") = "BankingProjectFinal", "BankingProjectFinal\BankingProjectFinal.csproj", "{5D736659-1EE8-418A-B2D1-699CCD29350A}"
EndProject
Global
	GlobalSection(SolutionConfigurationPlatforms) = preSolution
		Debug|Any CPU = Debug|Any CPU
		Release|Any CPU = Release|Any CPU
	EndGlobalSection
	GlobalSection(ProjectConfigurationPlatforms) = postSolution
		{6E5DA86C-7B12-49A2-BBD6-E62DB6020CE9}.Debug|Any CPU.ActiveCfg = Debug|Any CPU
		{6E5DA86C-7B12-49A2-BBD6-E62DB6020CE9}.Debug|Any CPU.Build.0 = Debug|Any CPU
		{6E5DA86C-7B12-49A2-BBD6-E62DB6020CE9}.Release|Any CPU.ActiveCfg = Release|Any CPU
		{6E5DA86C-7B12-49A2-BBD6-E62DB6020CE9}.Release|Any CPU.Build.0 = Release|Any CPU
		{AD375055-09D2-446E-89FC-057DCE3C5D10}.Debug|Any CPU.ActiveCfg = Debug|Any CPU
		{AD375055-09D2-446E-89FC-057DCE3C5D10}.Debug|Any CPU.Build.0 = Debug|Any CPU
		{AD375055-09D2-446E-89FC-057DCE3C5D10}.Release|Any CPU.ActiveCfg = Release|Any CPU
		{AD375055-09D2-446E-89FC-057DCE3C5D10}.Release|Any CPU.Build.0 = Release|Any CPU
		{31142469-5BFD-4398-9430-69A9CE7C38F5}.Debug|Any CPU.ActiveCfg = Debug|Any CPU
		{31142469-5BFD-4398-9430-69A9CE7C38F5}.Debug|Any CPU.Build.0 = Debug|Any CPU
		{31142469-5BFD-4398-9430-69A9CE7C38F5}.Release|Any CPU.ActiveCfg = Release|Any CPU
		{31142469-5BFD-4398-9430-69A9CE7C38F5}.Release|Any CPU.Build.0 = Release|Any CPU
		{EA4EBD3F-FB50-4B03-8928-039DFFF7B801}.Debug|Any CPU.ActiveCfg = Debug|Any CPU
		{EA4EBD3F-FB50-4B03-8928-039DFFF7B801}.Debug|Any CPU.Build.0 = Debug|Any CPU
		{EA4EBD3F-FB50-4B03-8928-039DFFF7B801}.Release|Any CPU.ActiveCfg = Release|Any CPU
		{EA4EBD3F-FB50-4B03-8928-039DFFF7B801}.Release|Any CPU.Build.0 = Release|Any CPU
		{5D736659-1EE8-418A-B2D1-699CCD29350A}.Debug|Any CPU.ActiveCfg = Debug|Any CPU
		{5D736659-1EE8-418A-B2D1-699CCD29350A}.Debug|Any CPU.Build.0 = Debug|Any CPU
		{5D736659-1EE8-418A-B2D1-699CCD29350A}.Release|Any CPU.ActiveCfg = Release|Any CPU
		{5D736659-1EE8-418A-B2D1-699CCD29350A}.Release|Any CPU.Build.0 = Release|Any CPU
	EndGlobalSection
	GlobalSection(SolutionProperties) = preSolution
		HideSolutionNode = FALSE
	EndGlobalSection
	GlobalSection(ExtensibilityGlobals) = postSolution
		SolutionGuid = {1E346750-1020-4761-BDDD-CBEE562A29A4}
	EndGlobalSection
EndGlobal
